// !$*UTF8*$!
{
	archiveVersion = 1;
	classes = {
	};
	objectVersion = 54;
	objects = {

/* Begin PBXBuildFile section */
		7200BC47260FACF80038684D /* LibraApp.swift in Sources */ = {isa = PBXBuildFile; fileRef = 7200BC46260FACF80038684D /* LibraApp.swift */; };
		720629DA260F49C900CECE1E /* CentralCache.swift in Sources */ = {isa = PBXBuildFile; fileRef = 720629D9260F49C900CECE1E /* CentralCache.swift */; };
		720629DF260F5B3600CECE1E /* CentralCacheDelegate.swift in Sources */ = {isa = PBXBuildFile; fileRef = 720629DE260F5B3600CECE1E /* CentralCacheDelegate.swift */; };
		720629E4260F617900CECE1E /* MulticastDelegate.swift in Sources */ = {isa = PBXBuildFile; fileRef = 720629E3260F617900CECE1E /* MulticastDelegate.swift */; };
		720629EA260F845800CECE1E /* ExchangeCache.swift in Sources */ = {isa = PBXBuildFile; fileRef = 720629E9260F845800CECE1E /* ExchangeCache.swift */; };
		720F481C2604D48B00A0CD63 /* BalanceView.swift in Sources */ = {isa = PBXBuildFile; fileRef = 720F481B2604D48B00A0CD63 /* BalanceView.swift */; };
		720F482226052C3900A0CD63 /* CurrencyExchange.swift in Sources */ = {isa = PBXBuildFile; fileRef = 720F482126052C3900A0CD63 /* CurrencyExchange.swift */; };
		724205DE2604B1C5001F16CA /* PaymentView.swift in Sources */ = {isa = PBXBuildFile; fileRef = 724205DD2604B1C5001F16CA /* PaymentView.swift */; };
		7296F399260929DC00503697 /* ExchangeRates.swift in Sources */ = {isa = PBXBuildFile; fileRef = 7296F398260929DC00503697 /* ExchangeRates.swift */; };
		72AC0F762607A838008F9B8D /* Libra.swift in Sources */ = {isa = PBXBuildFile; fileRef = 72AC0F752607A838008F9B8D /* Libra.swift */; };
		72AC0F7B2607BA21008F9B8D /* ExchangeRepository.swift in Sources */ = {isa = PBXBuildFile; fileRef = 72AC0F7A2607BA21008F9B8D /* ExchangeRepository.swift */; };
		AD437F7424C1AA740008E162 /* URLSession.swift in Sources */ = {isa = PBXBuildFile; fileRef = AD437F7324C1AA740008E162 /* URLSession.swift */; };
		AD437F7624C1AD410008E162 /* ForgetScreen.swift in Sources */ = {isa = PBXBuildFile; fileRef = AD437F7524C1AD410008E162 /* ForgetScreen.swift */; };
		AD437F7824C1B8830008E162 /* CodeField.swift in Sources */ = {isa = PBXBuildFile; fileRef = AD437F7724C1B8830008E162 /* CodeField.swift */; };
		AD437F7A24C203AB0008E162 /* StringExtension.swift in Sources */ = {isa = PBXBuildFile; fileRef = AD437F7924C203AB0008E162 /* StringExtension.swift */; };
		AD51B58224BB10ED00A4CEF8 /* RegisterVerification.swift in Sources */ = {isa = PBXBuildFile; fileRef = AD51B58124BB10ED00A4CEF8 /* RegisterVerification.swift */; };
		AD51B58424BB10FF00A4CEF8 /* RegisterDisplayName.swift in Sources */ = {isa = PBXBuildFile; fileRef = AD51B58324BB10FF00A4CEF8 /* RegisterDisplayName.swift */; };
		AD51B58624BB111100A4CEF8 /* RegisterUsername.swift in Sources */ = {isa = PBXBuildFile; fileRef = AD51B58524BB111100A4CEF8 /* RegisterUsername.swift */; };
		AD51B58824BB112000A4CEF8 /* RegisterPassword.swift in Sources */ = {isa = PBXBuildFile; fileRef = AD51B58724BB112000A4CEF8 /* RegisterPassword.swift */; };
		AD51B58A24BB112A00A4CEF8 /* RegisterEmail.swift in Sources */ = {isa = PBXBuildFile; fileRef = AD51B58924BB112A00A4CEF8 /* RegisterEmail.swift */; };
		AD51B58C24BB45E900A4CEF8 /* RegistrationForm.swift in Sources */ = {isa = PBXBuildFile; fileRef = AD51B58B24BB45E900A4CEF8 /* RegistrationForm.swift */; };
		AD51B58E24BB5A5A00A4CEF8 /* RegisterScreen.swift in Sources */ = {isa = PBXBuildFile; fileRef = AD51B58D24BB5A5A00A4CEF8 /* RegisterScreen.swift */; };
		AD51B59124BC3BBB00A4CEF8 /* StatelessApi.swift in Sources */ = {isa = PBXBuildFile; fileRef = AD51B59024BC3BBB00A4CEF8 /* StatelessApi.swift */; };
		AD5801CD24DC631600B1C8F8 /* RegisterLoading.swift in Sources */ = {isa = PBXBuildFile; fileRef = AD5801CC24DC631600B1C8F8 /* RegisterLoading.swift */; };
		AD5801CF24DD3F4A00B1C8F8 /* ActivityIndicator.swift in Sources */ = {isa = PBXBuildFile; fileRef = AD5801CE24DD3F4A00B1C8F8 /* ActivityIndicator.swift */; };
		AD6132F624DFA7D1001BCCBF /* LoginRepository.swift in Sources */ = {isa = PBXBuildFile; fileRef = AD6132F524DFA7D1001BCCBF /* LoginRepository.swift */; };
		AD62E45124DB0F16002B2AB4 /* LoginViewModel.swift in Sources */ = {isa = PBXBuildFile; fileRef = AD62E45024DB0F16002B2AB4 /* LoginViewModel.swift */; };
		AD62E45324DB0FBE002B2AB4 /* ForgetPasswordViewModel.swift in Sources */ = {isa = PBXBuildFile; fileRef = AD62E45224DB0FBE002B2AB4 /* ForgetPasswordViewModel.swift */; };
		AD62F6EB24C08B230091A788 /* UIResponder.swift in Sources */ = {isa = PBXBuildFile; fileRef = AD62F6EA24C08B230091A788 /* UIResponder.swift */; };
		AD62F6ED24C09DAE0091A788 /* FlipView.swift in Sources */ = {isa = PBXBuildFile; fileRef = AD62F6EC24C09DAE0091A788 /* FlipView.swift */; };
		AD62F6EF24C15A4C0091A788 /* NextButton.swift in Sources */ = {isa = PBXBuildFile; fileRef = AD62F6EE24C15A4C0091A788 /* NextButton.swift */; };
		AD62F6F224C170990091A788 /* Constants.swift in Sources */ = {isa = PBXBuildFile; fileRef = AD62F6F124C170990091A788 /* Constants.swift */; };
		AD647C8B2513434400A88BA2 /* AppStart.swift in Sources */ = {isa = PBXBuildFile; fileRef = AD647C8A2513434400A88BA2 /* AppStart.swift */; };
		AD647C8E2513581D00A88BA2 /* MainScreen.swift in Sources */ = {isa = PBXBuildFile; fileRef = AD647C8D2513581D00A88BA2 /* MainScreen.swift */; };
		AD64A30A2529F17300970DE1 /* Friend.swift in Sources */ = {isa = PBXBuildFile; fileRef = AD64A3092529F17300970DE1 /* Friend.swift */; };
		AD64A30F2529F19C00970DE1 /* Nearby.swift in Sources */ = {isa = PBXBuildFile; fileRef = AD64A30E2529F19C00970DE1 /* Nearby.swift */; };
		AD64A3142529F1AB00970DE1 /* Settings.swift in Sources */ = {isa = PBXBuildFile; fileRef = AD64A3132529F1AB00970DE1 /* Settings.swift */; };
		AD64A33D252C5F8200970DE1 /* LocationManager.swift in Sources */ = {isa = PBXBuildFile; fileRef = AD64A33C252C5F8200970DE1 /* LocationManager.swift */; };
		AD7030BA250F896B00F1FBFA /* UserError.swift in Sources */ = {isa = PBXBuildFile; fileRef = AD7030B9250F896B00F1FBFA /* UserError.swift */; };
		AD7C8C642509E4FC00D27824 /* Extension.swift in Sources */ = {isa = PBXBuildFile; fileRef = AD7C8C632509E4FC00D27824 /* Extension.swift */; };
		AD814D5824E443CF00F49986 /* UserRepository.swift in Sources */ = {isa = PBXBuildFile; fileRef = AD814D5724E443CF00F49986 /* UserRepository.swift */; };
		AD814D5A24E4F84B00F49986 /* UserApi.swift in Sources */ = {isa = PBXBuildFile; fileRef = AD814D5924E4F84B00F49986 /* UserApi.swift */; };
		AD814D5C24E501C800F49986 /* ProfileApi.swift in Sources */ = {isa = PBXBuildFile; fileRef = AD814D5B24E501C800F49986 /* ProfileApi.swift */; };
		AD88DBF524C887AC00A19393 /* TypeJson.swift in Sources */ = {isa = PBXBuildFile; fileRef = AD88DBF424C887AC00A19393 /* TypeJson.swift */; };
		AD88DBF724C9849900A19393 /* RegisterViewModel.swift in Sources */ = {isa = PBXBuildFile; fileRef = AD88DBF624C9849900A19393 /* RegisterViewModel.swift */; };
		AD8AE3BD24C44B8200580635 /* ErrorField.swift in Sources */ = {isa = PBXBuildFile; fileRef = AD8AE3BC24C44B8200580635 /* ErrorField.swift */; };
		AD8AE3BF24C47AE000580635 /* ColorExtension.swift in Sources */ = {isa = PBXBuildFile; fileRef = AD8AE3BE24C47AE000580635 /* ColorExtension.swift */; };
		AD8AE3C324C59BF400580635 /* CoreHaptics.swift in Sources */ = {isa = PBXBuildFile; fileRef = AD8AE3C224C59BF400580635 /* CoreHaptics.swift */; };
		AD8AE3C524C5C1E400580635 /* Compability.swift in Sources */ = {isa = PBXBuildFile; fileRef = AD8AE3C424C5C1E400580635 /* Compability.swift */; };
		AD8AE3C724C5F1C200580635 /* LoadableButton.swift in Sources */ = {isa = PBXBuildFile; fileRef = AD8AE3C624C5F1C200580635 /* LoadableButton.swift */; };
		AD8AE3C924C5F61E00580635 /* Loading.swift in Sources */ = {isa = PBXBuildFile; fileRef = AD8AE3C824C5F61E00580635 /* Loading.swift */; };
		AD8D834425025ADF007FCB7E /* UserProfileDTO.swift in Sources */ = {isa = PBXBuildFile; fileRef = AD8D834325025ADF007FCB7E /* UserProfileDTO.swift */; };
		AD9D62DE24FA373A003B2D6E /* UserStorage.swift in Sources */ = {isa = PBXBuildFile; fileRef = AD9D62DD24FA373A003B2D6E /* UserStorage.swift */; };
		ADA9EA89252E3CC400959624 /* PlaceOnMap.swift in Sources */ = {isa = PBXBuildFile; fileRef = ADA9EA88252E3CC400959624 /* PlaceOnMap.swift */; };
		ADA9EA8F252E3E1500959624 /* PlaceType.swift in Sources */ = {isa = PBXBuildFile; fileRef = ADA9EA8E252E3E1500959624 /* PlaceType.swift */; };
		ADABFF3124EBC6920068DDBF /* SessionKey.swift in Sources */ = {isa = PBXBuildFile; fileRef = ADABFF3024EBC6920068DDBF /* SessionKey.swift */; };
		ADABFF3324EBC6A10068DDBF /* WalletKey.swift in Sources */ = {isa = PBXBuildFile; fileRef = ADABFF3224EBC6A10068DDBF /* WalletKey.swift */; };
		ADABFF3524EBC6AD0068DDBF /* LinkKey.swift in Sources */ = {isa = PBXBuildFile; fileRef = ADABFF3424EBC6AD0068DDBF /* LinkKey.swift */; };
		ADBB2EC524F7F8DC00983B4E /* UserAppSession.swift in Sources */ = {isa = PBXBuildFile; fileRef = ADBB2EC424F7F8DC00983B4E /* UserAppSession.swift */; };
		ADD0A2D224D152B500BE723F /* BoolJson.swift in Sources */ = {isa = PBXBuildFile; fileRef = ADD0A2D124D152B500BE723F /* BoolJson.swift */; };
		ADD601FE24D9B466005C14DB /* LineReader.swift in Sources */ = {isa = PBXBuildFile; fileRef = ADD601FD24D9B466005C14DB /* LineReader.swift */; };
		ADD6020024DA6E4F005C14DB /* TimerButton.swift in Sources */ = {isa = PBXBuildFile; fileRef = ADD601FF24DA6E4F005C14DB /* TimerButton.swift */; };
		ADD6020224DA9456005C14DB /* IntExtension.swift in Sources */ = {isa = PBXBuildFile; fileRef = ADD6020124DA9456005C14DB /* IntExtension.swift */; };
		ADD79CE224E3BA11002D0FD1 /* User.swift in Sources */ = {isa = PBXBuildFile; fileRef = ADD79CE124E3BA10002D0FD1 /* User.swift */; };
		ADD79CE924E3D1F2002D0FD1 /* UserConfig.swift in Sources */ = {isa = PBXBuildFile; fileRef = ADD79CE824E3D1F2002D0FD1 /* UserConfig.swift */; };
		ADE4297824E90B1A005F7625 /* QuantumKeychain.swift in Sources */ = {isa = PBXBuildFile; fileRef = ADE4297724E90B1A005F7625 /* QuantumKeychain.swift */; };
		ADE4297B24E91430005F7625 /* EnderStorage.swift in Sources */ = {isa = PBXBuildFile; fileRef = ADE4297A24E91430005F7625 /* EnderStorage.swift */; };
		ADF183B524B96A2F00650918 /* Libra.xcdatamodeld in Sources */ = {isa = PBXBuildFile; fileRef = ADF183B324B96A2F00650918 /* Libra.xcdatamodeld */; };
		ADF183B724B96A2F00650918 /* ContentView.swift in Sources */ = {isa = PBXBuildFile; fileRef = ADF183B624B96A2F00650918 /* ContentView.swift */; };
		ADF183B924B96A3300650918 /* Assets.xcassets in Resources */ = {isa = PBXBuildFile; fileRef = ADF183B824B96A3300650918 /* Assets.xcassets */; };
		ADF183BC24B96A3300650918 /* Preview Assets.xcassets in Resources */ = {isa = PBXBuildFile; fileRef = ADF183BB24B96A3300650918 /* Preview Assets.xcassets */; };
		ADF183BF24B96A3300650918 /* LaunchScreen.storyboard in Resources */ = {isa = PBXBuildFile; fileRef = ADF183BD24B96A3300650918 /* LaunchScreen.storyboard */; };
		ADF183CA24B96A3300650918 /* LibraTests.swift in Sources */ = {isa = PBXBuildFile; fileRef = ADF183C924B96A3300650918 /* LibraTests.swift */; };
		ADF183D524B96A3300650918 /* LibraUITests.swift in Sources */ = {isa = PBXBuildFile; fileRef = ADF183D424B96A3300650918 /* LibraUITests.swift */; };
		ADF183E724B973AC00650918 /* LoginScreen.swift in Sources */ = {isa = PBXBuildFile; fileRef = ADF183E624B973AC00650918 /* LoginScreen.swift */; };
		ADF6DBE6253070EA00373E6A /* FocusMapViewModel.swift in Sources */ = {isa = PBXBuildFile; fileRef = ADF6DBE5253070EA00373E6A /* FocusMapViewModel.swift */; };
		ADF6DBEC2530A6D500373E6A /* ContinuousLocationManager.swift in Sources */ = {isa = PBXBuildFile; fileRef = ADF6DBEB2530A6D500373E6A /* ContinuousLocationManager.swift */; };
		ADFEE17624CBFECC00276C2F /* NavBackButton.swift in Sources */ = {isa = PBXBuildFile; fileRef = ADFEE17524CBFECC00276C2F /* NavBackButton.swift */; };
		ADFEE17B24CECF6200276C2F /* one-million-password.txt in Resources */ = {isa = PBXBuildFile; fileRef = ADFEE17A24CECF6200276C2F /* one-million-password.txt */; };
/* End PBXBuildFile section */

/* Begin PBXContainerItemProxy section */
		ADF183C624B96A3300650918 /* PBXContainerItemProxy */ = {
			isa = PBXContainerItemProxy;
			containerPortal = ADF183A424B96A2F00650918 /* Project object */;
			proxyType = 1;
			remoteGlobalIDString = ADF183AB24B96A2F00650918;
			remoteInfo = Libra;
		};
		ADF183D124B96A3300650918 /* PBXContainerItemProxy */ = {
			isa = PBXContainerItemProxy;
			containerPortal = ADF183A424B96A2F00650918 /* Project object */;
			proxyType = 1;
			remoteGlobalIDString = ADF183AB24B96A2F00650918;
			remoteInfo = Libra;
		};
/* End PBXContainerItemProxy section */

/* Begin PBXFileReference section */
		7200BC46260FACF80038684D /* LibraApp.swift */ = {isa = PBXFileReference; lastKnownFileType = sourcecode.swift; path = LibraApp.swift; sourceTree = "<group>"; };
		720629D9260F49C900CECE1E /* CentralCache.swift */ = {isa = PBXFileReference; lastKnownFileType = sourcecode.swift; path = CentralCache.swift; sourceTree = "<group>"; };
		720629DE260F5B3600CECE1E /* CentralCacheDelegate.swift */ = {isa = PBXFileReference; lastKnownFileType = sourcecode.swift; path = CentralCacheDelegate.swift; sourceTree = "<group>"; };
		720629E3260F617900CECE1E /* MulticastDelegate.swift */ = {isa = PBXFileReference; lastKnownFileType = sourcecode.swift; path = MulticastDelegate.swift; sourceTree = "<group>"; };
		720629E9260F845800CECE1E /* ExchangeCache.swift */ = {isa = PBXFileReference; lastKnownFileType = sourcecode.swift; path = ExchangeCache.swift; sourceTree = "<group>"; };
		720F481B2604D48B00A0CD63 /* BalanceView.swift */ = {isa = PBXFileReference; lastKnownFileType = sourcecode.swift; path = BalanceView.swift; sourceTree = "<group>"; };
		720F482126052C3900A0CD63 /* CurrencyExchange.swift */ = {isa = PBXFileReference; lastKnownFileType = sourcecode.swift; path = CurrencyExchange.swift; sourceTree = "<group>"; };
		724205DD2604B1C5001F16CA /* PaymentView.swift */ = {isa = PBXFileReference; lastKnownFileType = sourcecode.swift; path = PaymentView.swift; sourceTree = "<group>"; };
		7296F398260929DC00503697 /* ExchangeRates.swift */ = {isa = PBXFileReference; lastKnownFileType = sourcecode.swift; path = ExchangeRates.swift; sourceTree = "<group>"; };
		72AC0F752607A838008F9B8D /* Libra.swift */ = {isa = PBXFileReference; lastKnownFileType = sourcecode.swift; path = Libra.swift; sourceTree = "<group>"; };
		72AC0F7A2607BA21008F9B8D /* ExchangeRepository.swift */ = {isa = PBXFileReference; lastKnownFileType = sourcecode.swift; path = ExchangeRepository.swift; sourceTree = "<group>"; };
		AD437F7324C1AA740008E162 /* URLSession.swift */ = {isa = PBXFileReference; lastKnownFileType = sourcecode.swift; path = URLSession.swift; sourceTree = "<group>"; };
		AD437F7524C1AD410008E162 /* ForgetScreen.swift */ = {isa = PBXFileReference; lastKnownFileType = sourcecode.swift; path = ForgetScreen.swift; sourceTree = "<group>"; };
		AD437F7724C1B8830008E162 /* CodeField.swift */ = {isa = PBXFileReference; lastKnownFileType = sourcecode.swift; path = CodeField.swift; sourceTree = "<group>"; };
		AD437F7924C203AB0008E162 /* StringExtension.swift */ = {isa = PBXFileReference; lastKnownFileType = sourcecode.swift; path = StringExtension.swift; sourceTree = "<group>"; };
		AD51B58124BB10ED00A4CEF8 /* RegisterVerification.swift */ = {isa = PBXFileReference; lastKnownFileType = sourcecode.swift; path = RegisterVerification.swift; sourceTree = "<group>"; };
		AD51B58324BB10FF00A4CEF8 /* RegisterDisplayName.swift */ = {isa = PBXFileReference; lastKnownFileType = sourcecode.swift; path = RegisterDisplayName.swift; sourceTree = "<group>"; };
		AD51B58524BB111100A4CEF8 /* RegisterUsername.swift */ = {isa = PBXFileReference; lastKnownFileType = sourcecode.swift; path = RegisterUsername.swift; sourceTree = "<group>"; };
		AD51B58724BB112000A4CEF8 /* RegisterPassword.swift */ = {isa = PBXFileReference; lastKnownFileType = sourcecode.swift; path = RegisterPassword.swift; sourceTree = "<group>"; };
		AD51B58924BB112A00A4CEF8 /* RegisterEmail.swift */ = {isa = PBXFileReference; lastKnownFileType = sourcecode.swift; path = RegisterEmail.swift; sourceTree = "<group>"; };
		AD51B58B24BB45E900A4CEF8 /* RegistrationForm.swift */ = {isa = PBXFileReference; lastKnownFileType = sourcecode.swift; path = RegistrationForm.swift; sourceTree = "<group>"; };
		AD51B58D24BB5A5A00A4CEF8 /* RegisterScreen.swift */ = {isa = PBXFileReference; lastKnownFileType = sourcecode.swift; path = RegisterScreen.swift; sourceTree = "<group>"; };
		AD51B59024BC3BBB00A4CEF8 /* StatelessApi.swift */ = {isa = PBXFileReference; lastKnownFileType = sourcecode.swift; path = StatelessApi.swift; sourceTree = "<group>"; };
		AD5801CC24DC631600B1C8F8 /* RegisterLoading.swift */ = {isa = PBXFileReference; lastKnownFileType = sourcecode.swift; path = RegisterLoading.swift; sourceTree = "<group>"; };
		AD5801CE24DD3F4A00B1C8F8 /* ActivityIndicator.swift */ = {isa = PBXFileReference; lastKnownFileType = sourcecode.swift; path = ActivityIndicator.swift; sourceTree = "<group>"; };
		AD6132F524DFA7D1001BCCBF /* LoginRepository.swift */ = {isa = PBXFileReference; lastKnownFileType = sourcecode.swift; path = LoginRepository.swift; sourceTree = "<group>"; };
		AD62E45024DB0F16002B2AB4 /* LoginViewModel.swift */ = {isa = PBXFileReference; lastKnownFileType = sourcecode.swift; path = LoginViewModel.swift; sourceTree = "<group>"; };
		AD62E45224DB0FBE002B2AB4 /* ForgetPasswordViewModel.swift */ = {isa = PBXFileReference; lastKnownFileType = sourcecode.swift; path = ForgetPasswordViewModel.swift; sourceTree = "<group>"; };
		AD62F6EA24C08B230091A788 /* UIResponder.swift */ = {isa = PBXFileReference; lastKnownFileType = sourcecode.swift; path = UIResponder.swift; sourceTree = "<group>"; };
		AD62F6EC24C09DAE0091A788 /* FlipView.swift */ = {isa = PBXFileReference; lastKnownFileType = sourcecode.swift; path = FlipView.swift; sourceTree = "<group>"; };
		AD62F6EE24C15A4C0091A788 /* NextButton.swift */ = {isa = PBXFileReference; lastKnownFileType = sourcecode.swift; path = NextButton.swift; sourceTree = "<group>"; };
		AD62F6F124C170990091A788 /* Constants.swift */ = {isa = PBXFileReference; lastKnownFileType = sourcecode.swift; path = Constants.swift; sourceTree = "<group>"; };
		AD647C8A2513434400A88BA2 /* AppStart.swift */ = {isa = PBXFileReference; lastKnownFileType = sourcecode.swift; path = AppStart.swift; sourceTree = "<group>"; };
		AD647C8D2513581D00A88BA2 /* MainScreen.swift */ = {isa = PBXFileReference; lastKnownFileType = sourcecode.swift; path = MainScreen.swift; sourceTree = "<group>"; };
		AD64A3092529F17300970DE1 /* Friend.swift */ = {isa = PBXFileReference; lastKnownFileType = sourcecode.swift; path = Friend.swift; sourceTree = "<group>"; };
		AD64A30E2529F19C00970DE1 /* Nearby.swift */ = {isa = PBXFileReference; lastKnownFileType = sourcecode.swift; path = Nearby.swift; sourceTree = "<group>"; };
		AD64A3132529F1AB00970DE1 /* Settings.swift */ = {isa = PBXFileReference; lastKnownFileType = sourcecode.swift; path = Settings.swift; sourceTree = "<group>"; };
		AD64A33C252C5F8200970DE1 /* LocationManager.swift */ = {isa = PBXFileReference; lastKnownFileType = sourcecode.swift; path = LocationManager.swift; sourceTree = "<group>"; };
		AD7030B9250F896B00F1FBFA /* UserError.swift */ = {isa = PBXFileReference; lastKnownFileType = sourcecode.swift; path = UserError.swift; sourceTree = "<group>"; };
		AD7C8C632509E4FC00D27824 /* Extension.swift */ = {isa = PBXFileReference; lastKnownFileType = sourcecode.swift; path = Extension.swift; sourceTree = "<group>"; };
		AD814D5724E443CF00F49986 /* UserRepository.swift */ = {isa = PBXFileReference; lastKnownFileType = sourcecode.swift; path = UserRepository.swift; sourceTree = "<group>"; };
		AD814D5924E4F84B00F49986 /* UserApi.swift */ = {isa = PBXFileReference; lastKnownFileType = sourcecode.swift; path = UserApi.swift; sourceTree = "<group>"; };
		AD814D5B24E501C800F49986 /* ProfileApi.swift */ = {isa = PBXFileReference; lastKnownFileType = sourcecode.swift; path = ProfileApi.swift; sourceTree = "<group>"; };
		AD88DBF424C887AC00A19393 /* TypeJson.swift */ = {isa = PBXFileReference; lastKnownFileType = sourcecode.swift; path = TypeJson.swift; sourceTree = "<group>"; };
		AD88DBF624C9849900A19393 /* RegisterViewModel.swift */ = {isa = PBXFileReference; lastKnownFileType = sourcecode.swift; path = RegisterViewModel.swift; sourceTree = "<group>"; };
		AD8AE3BC24C44B8200580635 /* ErrorField.swift */ = {isa = PBXFileReference; lastKnownFileType = sourcecode.swift; path = ErrorField.swift; sourceTree = "<group>"; };
		AD8AE3BE24C47AE000580635 /* ColorExtension.swift */ = {isa = PBXFileReference; lastKnownFileType = sourcecode.swift; path = ColorExtension.swift; sourceTree = "<group>"; };
		AD8AE3C224C59BF400580635 /* CoreHaptics.swift */ = {isa = PBXFileReference; lastKnownFileType = sourcecode.swift; path = CoreHaptics.swift; sourceTree = "<group>"; };
		AD8AE3C424C5C1E400580635 /* Compability.swift */ = {isa = PBXFileReference; lastKnownFileType = sourcecode.swift; path = Compability.swift; sourceTree = "<group>"; };
		AD8AE3C624C5F1C200580635 /* LoadableButton.swift */ = {isa = PBXFileReference; lastKnownFileType = sourcecode.swift; path = LoadableButton.swift; sourceTree = "<group>"; };
		AD8AE3C824C5F61E00580635 /* Loading.swift */ = {isa = PBXFileReference; lastKnownFileType = sourcecode.swift; path = Loading.swift; sourceTree = "<group>"; };
		AD8D834325025ADF007FCB7E /* UserProfileDTO.swift */ = {isa = PBXFileReference; lastKnownFileType = sourcecode.swift; path = UserProfileDTO.swift; sourceTree = "<group>"; };
		AD9D62DD24FA373A003B2D6E /* UserStorage.swift */ = {isa = PBXFileReference; lastKnownFileType = sourcecode.swift; path = UserStorage.swift; sourceTree = "<group>"; };
		ADA9EA88252E3CC400959624 /* PlaceOnMap.swift */ = {isa = PBXFileReference; lastKnownFileType = sourcecode.swift; path = PlaceOnMap.swift; sourceTree = "<group>"; };
		ADA9EA8E252E3E1500959624 /* PlaceType.swift */ = {isa = PBXFileReference; lastKnownFileType = sourcecode.swift; path = PlaceType.swift; sourceTree = "<group>"; };
		ADABFF3024EBC6920068DDBF /* SessionKey.swift */ = {isa = PBXFileReference; lastKnownFileType = sourcecode.swift; path = SessionKey.swift; sourceTree = "<group>"; };
		ADABFF3224EBC6A10068DDBF /* WalletKey.swift */ = {isa = PBXFileReference; lastKnownFileType = sourcecode.swift; path = WalletKey.swift; sourceTree = "<group>"; };
		ADABFF3424EBC6AD0068DDBF /* LinkKey.swift */ = {isa = PBXFileReference; lastKnownFileType = sourcecode.swift; path = LinkKey.swift; sourceTree = "<group>"; };
		ADBB2EC424F7F8DC00983B4E /* UserAppSession.swift */ = {isa = PBXFileReference; lastKnownFileType = sourcecode.swift; path = UserAppSession.swift; sourceTree = "<group>"; };
		ADD0A2D124D152B500BE723F /* BoolJson.swift */ = {isa = PBXFileReference; lastKnownFileType = sourcecode.swift; path = BoolJson.swift; sourceTree = "<group>"; };
		ADD601FD24D9B466005C14DB /* LineReader.swift */ = {isa = PBXFileReference; lastKnownFileType = sourcecode.swift; path = LineReader.swift; sourceTree = "<group>"; };
		ADD601FF24DA6E4F005C14DB /* TimerButton.swift */ = {isa = PBXFileReference; lastKnownFileType = sourcecode.swift; path = TimerButton.swift; sourceTree = "<group>"; };
		ADD6020124DA9456005C14DB /* IntExtension.swift */ = {isa = PBXFileReference; lastKnownFileType = sourcecode.swift; path = IntExtension.swift; sourceTree = "<group>"; };
		ADD79CE124E3BA10002D0FD1 /* User.swift */ = {isa = PBXFileReference; lastKnownFileType = sourcecode.swift; path = User.swift; sourceTree = "<group>"; };
		ADD79CE824E3D1F2002D0FD1 /* UserConfig.swift */ = {isa = PBXFileReference; lastKnownFileType = sourcecode.swift; path = UserConfig.swift; sourceTree = "<group>"; };
		ADE4297724E90B1A005F7625 /* QuantumKeychain.swift */ = {isa = PBXFileReference; lastKnownFileType = sourcecode.swift; path = QuantumKeychain.swift; sourceTree = "<group>"; };
		ADE4297A24E91430005F7625 /* EnderStorage.swift */ = {isa = PBXFileReference; lastKnownFileType = sourcecode.swift; path = EnderStorage.swift; sourceTree = "<group>"; };
		ADF183AC24B96A2F00650918 /* Libra.app */ = {isa = PBXFileReference; explicitFileType = wrapper.application; includeInIndex = 0; path = Libra.app; sourceTree = BUILT_PRODUCTS_DIR; };
		ADF183B424B96A2F00650918 /* Libra.xcdatamodel */ = {isa = PBXFileReference; lastKnownFileType = wrapper.xcdatamodel; path = Libra.xcdatamodel; sourceTree = "<group>"; };
		ADF183B624B96A2F00650918 /* ContentView.swift */ = {isa = PBXFileReference; lastKnownFileType = sourcecode.swift; path = ContentView.swift; sourceTree = "<group>"; };
		ADF183B824B96A3300650918 /* Assets.xcassets */ = {isa = PBXFileReference; lastKnownFileType = folder.assetcatalog; path = Assets.xcassets; sourceTree = "<group>"; };
		ADF183BB24B96A3300650918 /* Preview Assets.xcassets */ = {isa = PBXFileReference; lastKnownFileType = folder.assetcatalog; path = "Preview Assets.xcassets"; sourceTree = "<group>"; };
		ADF183BE24B96A3300650918 /* Base */ = {isa = PBXFileReference; lastKnownFileType = file.storyboard; name = Base; path = Base.lproj/LaunchScreen.storyboard; sourceTree = "<group>"; };
		ADF183C024B96A3300650918 /* Info.plist */ = {isa = PBXFileReference; lastKnownFileType = text.plist.xml; path = Info.plist; sourceTree = "<group>"; };
		ADF183C524B96A3300650918 /* LibraTests.xctest */ = {isa = PBXFileReference; explicitFileType = wrapper.cfbundle; includeInIndex = 0; path = LibraTests.xctest; sourceTree = BUILT_PRODUCTS_DIR; };
		ADF183C924B96A3300650918 /* LibraTests.swift */ = {isa = PBXFileReference; lastKnownFileType = sourcecode.swift; path = LibraTests.swift; sourceTree = "<group>"; };
		ADF183CB24B96A3300650918 /* Info.plist */ = {isa = PBXFileReference; lastKnownFileType = text.plist.xml; path = Info.plist; sourceTree = "<group>"; };
		ADF183D024B96A3300650918 /* LibraUITests.xctest */ = {isa = PBXFileReference; explicitFileType = wrapper.cfbundle; includeInIndex = 0; path = LibraUITests.xctest; sourceTree = BUILT_PRODUCTS_DIR; };
		ADF183D424B96A3300650918 /* LibraUITests.swift */ = {isa = PBXFileReference; lastKnownFileType = sourcecode.swift; path = LibraUITests.swift; sourceTree = "<group>"; };
		ADF183D624B96A3300650918 /* Info.plist */ = {isa = PBXFileReference; lastKnownFileType = text.plist.xml; path = Info.plist; sourceTree = "<group>"; };
		ADF183E624B973AC00650918 /* LoginScreen.swift */ = {isa = PBXFileReference; lastKnownFileType = sourcecode.swift; path = LoginScreen.swift; sourceTree = "<group>"; };
		ADF6DBE5253070EA00373E6A /* FocusMapViewModel.swift */ = {isa = PBXFileReference; lastKnownFileType = sourcecode.swift; path = FocusMapViewModel.swift; sourceTree = "<group>"; };
		ADF6DBEB2530A6D500373E6A /* ContinuousLocationManager.swift */ = {isa = PBXFileReference; lastKnownFileType = sourcecode.swift; path = ContinuousLocationManager.swift; sourceTree = "<group>"; };
		ADFEE17424CB375B00276C2F /* Documentation.md */ = {isa = PBXFileReference; lastKnownFileType = net.daringfireball.markdown; path = Documentation.md; sourceTree = "<group>"; };
		ADFEE17524CBFECC00276C2F /* NavBackButton.swift */ = {isa = PBXFileReference; lastKnownFileType = sourcecode.swift; path = NavBackButton.swift; sourceTree = "<group>"; };
		ADFEE17A24CECF6200276C2F /* one-million-password.txt */ = {isa = PBXFileReference; fileEncoding = 4; lastKnownFileType = text; path = "one-million-password.txt"; sourceTree = "<group>"; };
/* End PBXFileReference section */

/* Begin PBXFrameworksBuildPhase section */
		ADF183A924B96A2F00650918 /* Frameworks */ = {
			isa = PBXFrameworksBuildPhase;
			buildActionMask = 2147483647;
			files = (
			);
			runOnlyForDeploymentPostprocessing = 0;
		};
		ADF183C224B96A3300650918 /* Frameworks */ = {
			isa = PBXFrameworksBuildPhase;
			buildActionMask = 2147483647;
			files = (
			);
			runOnlyForDeploymentPostprocessing = 0;
		};
		ADF183CD24B96A3300650918 /* Frameworks */ = {
			isa = PBXFrameworksBuildPhase;
			buildActionMask = 2147483647;
			files = (
			);
			runOnlyForDeploymentPostprocessing = 0;
		};
/* End PBXFrameworksBuildPhase section */

/* Begin PBXGroup section */
		720F482026052BA400A0CD63 /* Currency */ = {
			isa = PBXGroup;
			children = (
				720F482126052C3900A0CD63 /* CurrencyExchange.swift */,
				72AC0F752607A838008F9B8D /* Libra.swift */,
			);
			path = Currency;
			sourceTree = "<group>";
		};
		724205E22604B6DA001F16CA /* Payment */ = {
			isa = PBXGroup;
			children = (
				724205DD2604B1C5001F16CA /* PaymentView.swift */,
				720F481B2604D48B00A0CD63 /* BalanceView.swift */,
			);
			path = Payment;
			sourceTree = "<group>";
		};
		72DFCFA82609BBFB00E42C45 /* Cache */ = {
			isa = PBXGroup;
			children = (
				720629D9260F49C900CECE1E /* CentralCache.swift */,
				720629DE260F5B3600CECE1E /* CentralCacheDelegate.swift */,
				720629E9260F845800CECE1E /* ExchangeCache.swift */,
			);
			path = Cache;
			sourceTree = "<group>";
		};
		AD0CF6BB24C8259D00B026FF /* NetworkObject */ = {
			isa = PBXGroup;
			children = (
				ADE4297624E81614005F7625 /* Receive */,
				ADE4297524E8160C005F7625 /* Send */,
			);
			path = NetworkObject;
			sourceTree = "<group>";
		};
		AD0CF6BC24C825B700B026FF /* Json */ = {
			isa = PBXGroup;
			children = (
				AD88DBF424C887AC00A19393 /* TypeJson.swift */,
				ADD0A2D124D152B500BE723F /* BoolJson.swift */,
			);
			path = Json;
			sourceTree = "<group>";
		};
		AD437F7224C1AA370008E162 /* Network */ = {
			isa = PBXGroup;
			children = (
				AD814D5E24E501DB00F49986 /* Stateful */,
				AD814D5D24E501D200F49986 /* Stateless */,
				AD437F7324C1AA740008E162 /* URLSession.swift */,
			);
			path = Network;
			sourceTree = "<group>";
		};
		AD51B58F24BB5A5E00A4CEF8 /* Form */ = {
			isa = PBXGroup;
			children = (
				AD51B58124BB10ED00A4CEF8 /* RegisterVerification.swift */,
				AD51B58324BB10FF00A4CEF8 /* RegisterDisplayName.swift */,
				AD51B58524BB111100A4CEF8 /* RegisterUsername.swift */,
				AD51B58724BB112000A4CEF8 /* RegisterPassword.swift */,
				AD51B58924BB112A00A4CEF8 /* RegisterEmail.swift */,
				AD5801CC24DC631600B1C8F8 /* RegisterLoading.swift */,
			);
			path = Form;
			sourceTree = "<group>";
		};
		AD62E45424DB1001002B2AB4 /* PreLogin */ = {
			isa = PBXGroup;
			children = (
				AD62E45224DB0FBE002B2AB4 /* ForgetPasswordViewModel.swift */,
				AD62E45024DB0F16002B2AB4 /* LoginViewModel.swift */,
				AD88DBF624C9849900A19393 /* RegisterViewModel.swift */,
			);
			path = PreLogin;
			sourceTree = "<group>";
		};
		AD62E45524DB105E002B2AB4 /* Main */ = {
			isa = PBXGroup;
			children = (
			);
			path = Main;
			sourceTree = "<group>";
		};
		AD62F6F024C1707A0091A788 /* Extra */ = {
			isa = PBXGroup;
			children = (
				AD62F6F124C170990091A788 /* Constants.swift */,
				AD437F7924C203AB0008E162 /* StringExtension.swift */,
				AD8AE3BE24C47AE000580635 /* ColorExtension.swift */,
				ADD601FD24D9B466005C14DB /* LineReader.swift */,
				ADD6020124DA9456005C14DB /* IntExtension.swift */,
				720629E3260F617900CECE1E /* MulticastDelegate.swift */,
			);
			path = Extra;
			sourceTree = "<group>";
		};
		AD647C8725122FB800A88BA2 /* Application */ = {
			isa = PBXGroup;
			children = (
				AD647C8A2513434400A88BA2 /* AppStart.swift */,
			);
			path = Application;
			sourceTree = "<group>";
		};
		AD647C8C2513580D00A88BA2 /* Main */ = {
			isa = PBXGroup;
			children = (
				724205E22604B6DA001F16CA /* Payment */,
				AD647C8D2513581D00A88BA2 /* MainScreen.swift */,
				AD64A3092529F17300970DE1 /* Friend.swift */,
				AD64A30E2529F19C00970DE1 /* Nearby.swift */,
				AD64A3132529F1AB00970DE1 /* Settings.swift */,
			);
			path = Main;
			sourceTree = "<group>";
		};
		AD64A318252B4CA800970DE1 /* Map */ = {
			isa = PBXGroup;
			children = (
			);
			path = Map;
			sourceTree = "<group>";
		};
		AD64A33B252C5F6900970DE1 /* Location */ = {
			isa = PBXGroup;
			children = (
				AD64A33C252C5F8200970DE1 /* LocationManager.swift */,
				ADF6DBEB2530A6D500373E6A /* ContinuousLocationManager.swift */,
			);
			path = Location;
			sourceTree = "<group>";
		};
		AD814D5D24E501D200F49986 /* Stateless */ = {
			isa = PBXGroup;
			children = (
				AD51B59024BC3BBB00A4CEF8 /* StatelessApi.swift */,
			);
			path = Stateless;
			sourceTree = "<group>";
		};
		AD814D5E24E501DB00F49986 /* Stateful */ = {
			isa = PBXGroup;
			children = (
				AD814D5B24E501C800F49986 /* ProfileApi.swift */,
				AD814D5924E4F84B00F49986 /* UserApi.swift */,
			);
			path = Stateful;
			sourceTree = "<group>";
		};
		AD8AE3BB24C44B5F00580635 /* Form */ = {
			isa = PBXGroup;
			children = (
				AD62F6EE24C15A4C0091A788 /* NextButton.swift */,
				AD8AE3BC24C44B8200580635 /* ErrorField.swift */,
				AD8AE3C624C5F1C200580635 /* LoadableButton.swift */,
				ADD601FF24DA6E4F005C14DB /* TimerButton.swift */,
			);
			path = Form;
			sourceTree = "<group>";
		};
		AD8AE3C024C59BA200580635 /* Event */ = {
			isa = PBXGroup;
			children = (
				AD62F6EA24C08B230091A788 /* UIResponder.swift */,
				AD8AE3C224C59BF400580635 /* CoreHaptics.swift */,
			);
			path = Event;
			sourceTree = "<group>";
		};
		AD8AE3C124C59BAA00580635 /* Component */ = {
			isa = PBXGroup;
			children = (
				AD62F6EC24C09DAE0091A788 /* FlipView.swift */,
				AD437F7724C1B8830008E162 /* CodeField.swift */,
				AD8AE3BB24C44B5F00580635 /* Form */,
				AD8AE3C824C5F61E00580635 /* Loading.swift */,
				AD5801CE24DD3F4A00B1C8F8 /* ActivityIndicator.swift */,
				ADFEE17524CBFECC00276C2F /* NavBackButton.swift */,
			);
			path = Component;
			sourceTree = "<group>";
		};
		ADA8BF8E24DE5FBF0091C453 /* Repository */ = {
			isa = PBXGroup;
			children = (
				AD6132F524DFA7D1001BCCBF /* LoginRepository.swift */,
				AD814D5724E443CF00F49986 /* UserRepository.swift */,
				72AC0F7A2607BA21008F9B8D /* ExchangeRepository.swift */,
			);
			path = Repository;
			sourceTree = "<group>";
		};
		ADA9EA87252E3B0300959624 /* Map */ = {
			isa = PBXGroup;
			children = (
				ADA9EA88252E3CC400959624 /* PlaceOnMap.swift */,
				ADA9EA8E252E3E1500959624 /* PlaceType.swift */,
			);
			path = Map;
			sourceTree = "<group>";
		};
		ADD79CE024E3A848002D0FD1 /* User */ = {
			isa = PBXGroup;
			children = (
				ADD79CE124E3BA10002D0FD1 /* User.swift */,
				ADBB2EC424F7F8DC00983B4E /* UserAppSession.swift */,
				ADD79CE824E3D1F2002D0FD1 /* UserConfig.swift */,
				AD7030B9250F896B00F1FBFA /* UserError.swift */,
			);
			path = User;
			sourceTree = "<group>";
		};
		ADE4297424E815DB005F7625 /* Keychain */ = {
			isa = PBXGroup;
			children = (
				ADE4297724E90B1A005F7625 /* QuantumKeychain.swift */,
				ADABFF3024EBC6920068DDBF /* SessionKey.swift */,
				ADABFF3424EBC6AD0068DDBF /* LinkKey.swift */,
				ADABFF3224EBC6A10068DDBF /* WalletKey.swift */,
			);
			path = Keychain;
			sourceTree = "<group>";
		};
		ADE4297524E8160C005F7625 /* Send */ = {
			isa = PBXGroup;
			children = (
				AD51B58B24BB45E900A4CEF8 /* RegistrationForm.swift */,
			);
			path = Send;
			sourceTree = "<group>";
		};
		ADE4297624E81614005F7625 /* Receive */ = {
			isa = PBXGroup;
			children = (
				AD8D834325025ADF007FCB7E /* UserProfileDTO.swift */,
				7296F398260929DC00503697 /* ExchangeRates.swift */,
			);
			path = Receive;
			sourceTree = "<group>";
		};
		ADE4297924E9141C005F7625 /* CoreData */ = {
			isa = PBXGroup;
			children = (
				ADE4297A24E91430005F7625 /* EnderStorage.swift */,
				AD9D62DD24FA373A003B2D6E /* UserStorage.swift */,
				AD7C8C632509E4FC00D27824 /* Extension.swift */,
			);
			path = CoreData;
			sourceTree = "<group>";
		};
		ADF183A324B96A2F00650918 = {
			isa = PBXGroup;
			children = (
				ADF183AE24B96A2F00650918 /* Libra */,
				ADF183C824B96A3300650918 /* LibraTests */,
				ADF183D324B96A3300650918 /* LibraUITests */,
				ADF183AD24B96A2F00650918 /* Products */,
			);
			sourceTree = "<group>";
		};
		ADF183AD24B96A2F00650918 /* Products */ = {
			isa = PBXGroup;
			children = (
				ADF183AC24B96A2F00650918 /* Libra.app */,
				ADF183C524B96A3300650918 /* LibraTests.xctest */,
				ADF183D024B96A3300650918 /* LibraUITests.xctest */,
			);
			name = Products;
			sourceTree = "<group>";
		};
		ADF183AE24B96A2F00650918 /* Libra */ = {
			isa = PBXGroup;
			children = (
				ADFEE17724CECEAB00276C2F /* Resources */,
				7200BC46260FACF80038684D /* LibraApp.swift */,
				AD8AE3C424C5C1E400580635 /* Compability.swift */,
				ADFEE17424CB375B00276C2F /* Documentation.md */,
				ADF183B624B96A2F00650918 /* ContentView.swift */,
				ADF183B824B96A3300650918 /* Assets.xcassets */,
				ADF183BD24B96A3300650918 /* LaunchScreen.storyboard */,
				ADF183C024B96A3300650918 /* Info.plist */,
				ADF183B324B96A2F00650918 /* Libra.xcdatamodeld */,
				AD62F6F024C1707A0091A788 /* Extra */,
				ADF183E424B96C1800650918 /* ViewModel */,
				ADF183E324B96A8A00650918 /* View */,
				ADF183E224B96A7200650918 /* Model */,
				ADF183BA24B96A3300650918 /* Preview Content */,
			);
			path = Libra;
			sourceTree = "<group>";
		};
		ADF183BA24B96A3300650918 /* Preview Content */ = {
			isa = PBXGroup;
			children = (
				ADF183BB24B96A3300650918 /* Preview Assets.xcassets */,
			);
			path = "Preview Content";
			sourceTree = "<group>";
		};
		ADF183C824B96A3300650918 /* LibraTests */ = {
			isa = PBXGroup;
			children = (
				ADF183C924B96A3300650918 /* LibraTests.swift */,
				ADF183CB24B96A3300650918 /* Info.plist */,
			);
			path = LibraTests;
			sourceTree = "<group>";
		};
		ADF183D324B96A3300650918 /* LibraUITests */ = {
			isa = PBXGroup;
			children = (
				ADF183D424B96A3300650918 /* LibraUITests.swift */,
				ADF183D624B96A3300650918 /* Info.plist */,
			);
			path = LibraUITests;
			sourceTree = "<group>";
		};
		ADF183E224B96A7200650918 /* Model */ = {
			isa = PBXGroup;
			children = (
				72DFCFA82609BBFB00E42C45 /* Cache */,
				720F482026052BA400A0CD63 /* Currency */,
				ADA9EA87252E3B0300959624 /* Map */,
				AD64A33B252C5F6900970DE1 /* Location */,
				ADE4297924E9141C005F7625 /* CoreData */,
				ADE4297424E815DB005F7625 /* Keychain */,
				ADD79CE024E3A848002D0FD1 /* User */,
				ADA8BF8E24DE5FBF0091C453 /* Repository */,
				AD0CF6BB24C8259D00B026FF /* NetworkObject */,
				AD0CF6BC24C825B700B026FF /* Json */,
				AD437F7224C1AA370008E162 /* Network */,
			);
			path = Model;
			sourceTree = "<group>";
		};
		ADF183E324B96A8A00650918 /* View */ = {
			isa = PBXGroup;
			children = (
				AD64A318252B4CA800970DE1 /* Map */,
				AD647C8C2513580D00A88BA2 /* Main */,
				AD647C8725122FB800A88BA2 /* Application */,
				AD8AE3C124C59BAA00580635 /* Component */,
				AD8AE3C024C59BA200580635 /* Event */,
				ADF183EB24B973D000650918 /* ForgetPassword */,
				ADF183EA24B973C400650918 /* Register */,
				ADF183E524B96C2700650918 /* Login */,
			);
			path = View;
			sourceTree = "<group>";
		};
		ADF183E424B96C1800650918 /* ViewModel */ = {
			isa = PBXGroup;
			children = (
				ADF6DBE4253070D300373E6A /* Map */,
				AD62E45524DB105E002B2AB4 /* Main */,
				AD62E45424DB1001002B2AB4 /* PreLogin */,
			);
			path = ViewModel;
			sourceTree = "<group>";
		};
		ADF183E524B96C2700650918 /* Login */ = {
			isa = PBXGroup;
			children = (
				ADF183E624B973AC00650918 /* LoginScreen.swift */,
			);
			path = Login;
			sourceTree = "<group>";
		};
		ADF183EA24B973C400650918 /* Register */ = {
			isa = PBXGroup;
			children = (
				AD51B58F24BB5A5E00A4CEF8 /* Form */,
				AD51B58D24BB5A5A00A4CEF8 /* RegisterScreen.swift */,
			);
			path = Register;
			sourceTree = "<group>";
		};
		ADF183EB24B973D000650918 /* ForgetPassword */ = {
			isa = PBXGroup;
			children = (
				AD437F7524C1AD410008E162 /* ForgetScreen.swift */,
			);
			path = ForgetPassword;
			sourceTree = "<group>";
		};
		ADF6DBE4253070D300373E6A /* Map */ = {
			isa = PBXGroup;
			children = (
				ADF6DBE5253070EA00373E6A /* FocusMapViewModel.swift */,
			);
			path = Map;
			sourceTree = "<group>";
		};
		ADFEE17724CECEAB00276C2F /* Resources */ = {
			isa = PBXGroup;
			children = (
				ADFEE17A24CECF6200276C2F /* one-million-password.txt */,
			);
			path = Resources;
			sourceTree = "<group>";
		};
/* End PBXGroup section */

/* Begin PBXNativeTarget section */
		ADF183AB24B96A2F00650918 /* Libra */ = {
			isa = PBXNativeTarget;
			buildConfigurationList = ADF183D924B96A3300650918 /* Build configuration list for PBXNativeTarget "Libra" */;
			buildPhases = (
				ADF183A824B96A2F00650918 /* Sources */,
				ADF183A924B96A2F00650918 /* Frameworks */,
				ADF183AA24B96A2F00650918 /* Resources */,
			);
			buildRules = (
			);
			dependencies = (
			);
			name = Libra;
			packageProductDependencies = (
			);
			productName = Libra;
			productReference = ADF183AC24B96A2F00650918 /* Libra.app */;
			productType = "com.apple.product-type.application";
		};
		ADF183C424B96A3300650918 /* LibraTests */ = {
			isa = PBXNativeTarget;
			buildConfigurationList = ADF183DC24B96A3300650918 /* Build configuration list for PBXNativeTarget "LibraTests" */;
			buildPhases = (
				ADF183C124B96A3300650918 /* Sources */,
				ADF183C224B96A3300650918 /* Frameworks */,
				ADF183C324B96A3300650918 /* Resources */,
			);
			buildRules = (
			);
			dependencies = (
				ADF183C724B96A3300650918 /* PBXTargetDependency */,
			);
			name = LibraTests;
			productName = LibraTests;
			productReference = ADF183C524B96A3300650918 /* LibraTests.xctest */;
			productType = "com.apple.product-type.bundle.unit-test";
		};
		ADF183CF24B96A3300650918 /* LibraUITests */ = {
			isa = PBXNativeTarget;
			buildConfigurationList = ADF183DF24B96A3300650918 /* Build configuration list for PBXNativeTarget "LibraUITests" */;
			buildPhases = (
				ADF183CC24B96A3300650918 /* Sources */,
				ADF183CD24B96A3300650918 /* Frameworks */,
				ADF183CE24B96A3300650918 /* Resources */,
			);
			buildRules = (
			);
			dependencies = (
				ADF183D224B96A3300650918 /* PBXTargetDependency */,
			);
			name = LibraUITests;
			productName = LibraUITests;
			productReference = ADF183D024B96A3300650918 /* LibraUITests.xctest */;
			productType = "com.apple.product-type.bundle.ui-testing";
		};
/* End PBXNativeTarget section */

/* Begin PBXProject section */
		ADF183A424B96A2F00650918 /* Project object */ = {
			isa = PBXProject;
			attributes = {
				LastSwiftUpdateCheck = 1130;
				LastUpgradeCheck = 1200;
				ORGANIZATIONNAME = Catalina;
				TargetAttributes = {
					ADF183AB24B96A2F00650918 = {
						CreatedOnToolsVersion = 11.3;
					};
					ADF183C424B96A3300650918 = {
						CreatedOnToolsVersion = 11.3;
						TestTargetID = ADF183AB24B96A2F00650918;
					};
					ADF183CF24B96A3300650918 = {
						CreatedOnToolsVersion = 11.3;
						TestTargetID = ADF183AB24B96A2F00650918;
					};
				};
			};
			buildConfigurationList = ADF183A724B96A2F00650918 /* Build configuration list for PBXProject "Libra" */;
			compatibilityVersion = "Xcode 12.0";
			developmentRegion = en;
			hasScannedForEncodings = 0;
			knownRegions = (
				en,
				Base,
			);
			mainGroup = ADF183A324B96A2F00650918;
			packageReferences = (
			);
			productRefGroup = ADF183AD24B96A2F00650918 /* Products */;
			projectDirPath = "";
			projectRoot = "";
			targets = (
				ADF183AB24B96A2F00650918 /* Libra */,
				ADF183C424B96A3300650918 /* LibraTests */,
				ADF183CF24B96A3300650918 /* LibraUITests */,
			);
		};
/* End PBXProject section */

/* Begin PBXResourcesBuildPhase section */
		ADF183AA24B96A2F00650918 /* Resources */ = {
			isa = PBXResourcesBuildPhase;
			buildActionMask = 2147483647;
			files = (
				ADF183BF24B96A3300650918 /* LaunchScreen.storyboard in Resources */,
				ADFEE17B24CECF6200276C2F /* one-million-password.txt in Resources */,
				ADF183BC24B96A3300650918 /* Preview Assets.xcassets in Resources */,
				ADF183B924B96A3300650918 /* Assets.xcassets in Resources */,
			);
			runOnlyForDeploymentPostprocessing = 0;
		};
		ADF183C324B96A3300650918 /* Resources */ = {
			isa = PBXResourcesBuildPhase;
			buildActionMask = 2147483647;
			files = (
			);
			runOnlyForDeploymentPostprocessing = 0;
		};
		ADF183CE24B96A3300650918 /* Resources */ = {
			isa = PBXResourcesBuildPhase;
			buildActionMask = 2147483647;
			files = (
			);
			runOnlyForDeploymentPostprocessing = 0;
		};
/* End PBXResourcesBuildPhase section */

/* Begin PBXSourcesBuildPhase section */
		ADF183A824B96A2F00650918 /* Sources */ = {
			isa = PBXSourcesBuildPhase;
			buildActionMask = 2147483647;
			files = (
				AD7C8C642509E4FC00D27824 /* Extension.swift in Sources */,
				724205DE2604B1C5001F16CA /* PaymentView.swift in Sources */,
				ADD6020024DA6E4F005C14DB /* TimerButton.swift in Sources */,
				AD51B59124BC3BBB00A4CEF8 /* StatelessApi.swift in Sources */,
				AD5801CF24DD3F4A00B1C8F8 /* ActivityIndicator.swift in Sources */,
				AD88DBF524C887AC00A19393 /* TypeJson.swift in Sources */,
				AD62F6F224C170990091A788 /* Constants.swift in Sources */,
				72AC0F762607A838008F9B8D /* Libra.swift in Sources */,
				AD51B58E24BB5A5A00A4CEF8 /* RegisterScreen.swift in Sources */,
				AD814D5A24E4F84B00F49986 /* UserApi.swift in Sources */,
				7200BC47260FACF80038684D /* LibraApp.swift in Sources */,
				72AC0F7B2607BA21008F9B8D /* ExchangeRepository.swift in Sources */,
				AD647C8E2513581D00A88BA2 /* MainScreen.swift in Sources */,
				ADF6DBEC2530A6D500373E6A /* ContinuousLocationManager.swift in Sources */,
				AD8AE3BF24C47AE000580635 /* ColorExtension.swift in Sources */,
				720F482226052C3900A0CD63 /* CurrencyExchange.swift in Sources */,
				AD8AE3C324C59BF400580635 /* CoreHaptics.swift in Sources */,
				AD8D834425025ADF007FCB7E /* UserProfileDTO.swift in Sources */,
				AD5801CD24DC631600B1C8F8 /* RegisterLoading.swift in Sources */,
				AD62F6EB24C08B230091A788 /* UIResponder.swift in Sources */,
				720629DF260F5B3600CECE1E /* CentralCacheDelegate.swift in Sources */,
				AD62E45324DB0FBE002B2AB4 /* ForgetPasswordViewModel.swift in Sources */,
				AD51B58424BB10FF00A4CEF8 /* RegisterDisplayName.swift in Sources */,
				AD6132F624DFA7D1001BCCBF /* LoginRepository.swift in Sources */,
				AD62F6EF24C15A4C0091A788 /* NextButton.swift in Sources */,
				ADF6DBE6253070EA00373E6A /* FocusMapViewModel.swift in Sources */,
				7296F399260929DC00503697 /* ExchangeRates.swift in Sources */,
				AD437F7A24C203AB0008E162 /* StringExtension.swift in Sources */,
				720629E4260F617900CECE1E /* MulticastDelegate.swift in Sources */,
				ADA9EA89252E3CC400959624 /* PlaceOnMap.swift in Sources */,
				720629EA260F845800CECE1E /* ExchangeCache.swift in Sources */,
				AD62E45124DB0F16002B2AB4 /* LoginViewModel.swift in Sources */,
				ADABFF3124EBC6920068DDBF /* SessionKey.swift in Sources */,
				ADD601FE24D9B466005C14DB /* LineReader.swift in Sources */,
				ADABFF3524EBC6AD0068DDBF /* LinkKey.swift in Sources */,
				AD51B58A24BB112A00A4CEF8 /* RegisterEmail.swift in Sources */,
				ADF183B724B96A2F00650918 /* ContentView.swift in Sources */,
				AD814D5824E443CF00F49986 /* UserRepository.swift in Sources */,
				AD51B58824BB112000A4CEF8 /* RegisterPassword.swift in Sources */,
				ADBB2EC524F7F8DC00983B4E /* UserAppSession.swift in Sources */,
				ADD79CE224E3BA11002D0FD1 /* User.swift in Sources */,
				AD437F7624C1AD410008E162 /* ForgetScreen.swift in Sources */,
				ADE4297B24E91430005F7625 /* EnderStorage.swift in Sources */,
				ADFEE17624CBFECC00276C2F /* NavBackButton.swift in Sources */,
				AD51B58C24BB45E900A4CEF8 /* RegistrationForm.swift in Sources */,
				AD814D5C24E501C800F49986 /* ProfileApi.swift in Sources */,
				AD437F7824C1B8830008E162 /* CodeField.swift in Sources */,
				AD64A33D252C5F8200970DE1 /* LocationManager.swift in Sources */,
				AD62F6ED24C09DAE0091A788 /* FlipView.swift in Sources */,
				ADE4297824E90B1A005F7625 /* QuantumKeychain.swift in Sources */,
				AD8AE3C924C5F61E00580635 /* Loading.swift in Sources */,
				AD51B58224BB10ED00A4CEF8 /* RegisterVerification.swift in Sources */,
				AD8AE3C724C5F1C200580635 /* LoadableButton.swift in Sources */,
				AD7030BA250F896B00F1FBFA /* UserError.swift in Sources */,
				AD9D62DE24FA373A003B2D6E /* UserStorage.swift in Sources */,
				AD437F7424C1AA740008E162 /* URLSession.swift in Sources */,
				ADA9EA8F252E3E1500959624 /* PlaceType.swift in Sources */,
				720629DA260F49C900CECE1E /* CentralCache.swift in Sources */,
				ADF183B524B96A2F00650918 /* Libra.xcdatamodeld in Sources */,
				AD64A30F2529F19C00970DE1 /* Nearby.swift in Sources */,
				ADD79CE924E3D1F2002D0FD1 /* UserConfig.swift in Sources */,
				AD8AE3C524C5C1E400580635 /* Compability.swift in Sources */,
				AD8AE3BD24C44B8200580635 /* ErrorField.swift in Sources */,
				AD647C8B2513434400A88BA2 /* AppStart.swift in Sources */,
				720F481C2604D48B00A0CD63 /* BalanceView.swift in Sources */,
				ADABFF3324EBC6A10068DDBF /* WalletKey.swift in Sources */,
				ADD6020224DA9456005C14DB /* IntExtension.swift in Sources */,
				AD64A3142529F1AB00970DE1 /* Settings.swift in Sources */,
				AD88DBF724C9849900A19393 /* RegisterViewModel.swift in Sources */,
				AD51B58624BB111100A4CEF8 /* RegisterUsername.swift in Sources */,
				ADF183E724B973AC00650918 /* LoginScreen.swift in Sources */,
				ADD0A2D224D152B500BE723F /* BoolJson.swift in Sources */,
				AD64A30A2529F17300970DE1 /* Friend.swift in Sources */,
			);
			runOnlyForDeploymentPostprocessing = 0;
		};
		ADF183C124B96A3300650918 /* Sources */ = {
			isa = PBXSourcesBuildPhase;
			buildActionMask = 2147483647;
			files = (
				ADF183CA24B96A3300650918 /* LibraTests.swift in Sources */,
			);
			runOnlyForDeploymentPostprocessing = 0;
		};
		ADF183CC24B96A3300650918 /* Sources */ = {
			isa = PBXSourcesBuildPhase;
			buildActionMask = 2147483647;
			files = (
				ADF183D524B96A3300650918 /* LibraUITests.swift in Sources */,
			);
			runOnlyForDeploymentPostprocessing = 0;
		};
/* End PBXSourcesBuildPhase section */

/* Begin PBXTargetDependency section */
		ADF183C724B96A3300650918 /* PBXTargetDependency */ = {
			isa = PBXTargetDependency;
			target = ADF183AB24B96A2F00650918 /* Libra */;
			targetProxy = ADF183C624B96A3300650918 /* PBXContainerItemProxy */;
		};
		ADF183D224B96A3300650918 /* PBXTargetDependency */ = {
			isa = PBXTargetDependency;
			target = ADF183AB24B96A2F00650918 /* Libra */;
			targetProxy = ADF183D124B96A3300650918 /* PBXContainerItemProxy */;
		};
/* End PBXTargetDependency section */

/* Begin PBXVariantGroup section */
		ADF183BD24B96A3300650918 /* LaunchScreen.storyboard */ = {
			isa = PBXVariantGroup;
			children = (
				ADF183BE24B96A3300650918 /* Base */,
			);
			name = LaunchScreen.storyboard;
			sourceTree = "<group>";
		};
/* End PBXVariantGroup section */

/* Begin XCBuildConfiguration section */
		ADF183D724B96A3300650918 /* Debug */ = {
			isa = XCBuildConfiguration;
			buildSettings = {
				ALWAYS_SEARCH_USER_PATHS = NO;
				CLANG_ANALYZER_NONNULL = YES;
				CLANG_ANALYZER_NUMBER_OBJECT_CONVERSION = YES_AGGRESSIVE;
				CLANG_CXX_LANGUAGE_STANDARD = "gnu++14";
				CLANG_CXX_LIBRARY = "libc++";
				CLANG_ENABLE_MODULES = YES;
				CLANG_ENABLE_OBJC_ARC = YES;
				CLANG_ENABLE_OBJC_WEAK = YES;
				CLANG_WARN_BLOCK_CAPTURE_AUTORELEASING = YES;
				CLANG_WARN_BOOL_CONVERSION = YES;
				CLANG_WARN_COMMA = YES;
				CLANG_WARN_CONSTANT_CONVERSION = YES;
				CLANG_WARN_DEPRECATED_OBJC_IMPLEMENTATIONS = YES;
				CLANG_WARN_DIRECT_OBJC_ISA_USAGE = YES_ERROR;
				CLANG_WARN_DOCUMENTATION_COMMENTS = YES;
				CLANG_WARN_EMPTY_BODY = YES;
				CLANG_WARN_ENUM_CONVERSION = YES;
				CLANG_WARN_INFINITE_RECURSION = YES;
				CLANG_WARN_INT_CONVERSION = YES;
				CLANG_WARN_NON_LITERAL_NULL_CONVERSION = YES;
				CLANG_WARN_OBJC_IMPLICIT_RETAIN_SELF = YES;
				CLANG_WARN_OBJC_LITERAL_CONVERSION = YES;
				CLANG_WARN_OBJC_ROOT_CLASS = YES_ERROR;
				CLANG_WARN_QUOTED_INCLUDE_IN_FRAMEWORK_HEADER = YES;
				CLANG_WARN_RANGE_LOOP_ANALYSIS = YES;
				CLANG_WARN_STRICT_PROTOTYPES = YES;
				CLANG_WARN_SUSPICIOUS_MOVE = YES;
				CLANG_WARN_UNGUARDED_AVAILABILITY = YES_AGGRESSIVE;
				CLANG_WARN_UNREACHABLE_CODE = YES;
				CLANG_WARN__DUPLICATE_METHOD_MATCH = YES;
				COPY_PHASE_STRIP = NO;
				DEBUG_INFORMATION_FORMAT = dwarf;
				ENABLE_STRICT_OBJC_MSGSEND = YES;
				ENABLE_TESTABILITY = YES;
				GCC_C_LANGUAGE_STANDARD = gnu11;
				GCC_DYNAMIC_NO_PIC = NO;
				GCC_NO_COMMON_BLOCKS = YES;
				GCC_OPTIMIZATION_LEVEL = 0;
				GCC_PREPROCESSOR_DEFINITIONS = (
					"DEBUG=1",
					"$(inherited)",
				);
				GCC_WARN_64_TO_32_BIT_CONVERSION = YES;
				GCC_WARN_ABOUT_RETURN_TYPE = YES_ERROR;
				GCC_WARN_UNDECLARED_SELECTOR = YES;
				GCC_WARN_UNINITIALIZED_AUTOS = YES_AGGRESSIVE;
				GCC_WARN_UNUSED_FUNCTION = YES;
				GCC_WARN_UNUSED_VARIABLE = YES;
				IPHONEOS_DEPLOYMENT_TARGET = 14.0;
				MTL_ENABLE_DEBUG_INFO = INCLUDE_SOURCE;
				MTL_FAST_MATH = YES;
				ONLY_ACTIVE_ARCH = YES;
				SDKROOT = iphoneos;
				SWIFT_ACTIVE_COMPILATION_CONDITIONS = DEBUG;
				SWIFT_OPTIMIZATION_LEVEL = "-Onone";
			};
			name = Debug;
		};
		ADF183D824B96A3300650918 /* Release */ = {
			isa = XCBuildConfiguration;
			buildSettings = {
				ALWAYS_SEARCH_USER_PATHS = NO;
				CLANG_ANALYZER_NONNULL = YES;
				CLANG_ANALYZER_NUMBER_OBJECT_CONVERSION = YES_AGGRESSIVE;
				CLANG_CXX_LANGUAGE_STANDARD = "gnu++14";
				CLANG_CXX_LIBRARY = "libc++";
				CLANG_ENABLE_MODULES = YES;
				CLANG_ENABLE_OBJC_ARC = YES;
				CLANG_ENABLE_OBJC_WEAK = YES;
				CLANG_WARN_BLOCK_CAPTURE_AUTORELEASING = YES;
				CLANG_WARN_BOOL_CONVERSION = YES;
				CLANG_WARN_COMMA = YES;
				CLANG_WARN_CONSTANT_CONVERSION = YES;
				CLANG_WARN_DEPRECATED_OBJC_IMPLEMENTATIONS = YES;
				CLANG_WARN_DIRECT_OBJC_ISA_USAGE = YES_ERROR;
				CLANG_WARN_DOCUMENTATION_COMMENTS = YES;
				CLANG_WARN_EMPTY_BODY = YES;
				CLANG_WARN_ENUM_CONVERSION = YES;
				CLANG_WARN_INFINITE_RECURSION = YES;
				CLANG_WARN_INT_CONVERSION = YES;
				CLANG_WARN_NON_LITERAL_NULL_CONVERSION = YES;
				CLANG_WARN_OBJC_IMPLICIT_RETAIN_SELF = YES;
				CLANG_WARN_OBJC_LITERAL_CONVERSION = YES;
				CLANG_WARN_OBJC_ROOT_CLASS = YES_ERROR;
				CLANG_WARN_QUOTED_INCLUDE_IN_FRAMEWORK_HEADER = YES;
				CLANG_WARN_RANGE_LOOP_ANALYSIS = YES;
				CLANG_WARN_STRICT_PROTOTYPES = YES;
				CLANG_WARN_SUSPICIOUS_MOVE = YES;
				CLANG_WARN_UNGUARDED_AVAILABILITY = YES_AGGRESSIVE;
				CLANG_WARN_UNREACHABLE_CODE = YES;
				CLANG_WARN__DUPLICATE_METHOD_MATCH = YES;
				COPY_PHASE_STRIP = NO;
				DEBUG_INFORMATION_FORMAT = "dwarf-with-dsym";
				ENABLE_NS_ASSERTIONS = NO;
				ENABLE_STRICT_OBJC_MSGSEND = YES;
				GCC_C_LANGUAGE_STANDARD = gnu11;
				GCC_NO_COMMON_BLOCKS = YES;
				GCC_WARN_64_TO_32_BIT_CONVERSION = YES;
				GCC_WARN_ABOUT_RETURN_TYPE = YES_ERROR;
				GCC_WARN_UNDECLARED_SELECTOR = YES;
				GCC_WARN_UNINITIALIZED_AUTOS = YES_AGGRESSIVE;
				GCC_WARN_UNUSED_FUNCTION = YES;
				GCC_WARN_UNUSED_VARIABLE = YES;
				IPHONEOS_DEPLOYMENT_TARGET = 14.0;
				MTL_ENABLE_DEBUG_INFO = NO;
				MTL_FAST_MATH = YES;
				SDKROOT = iphoneos;
				SWIFT_COMPILATION_MODE = wholemodule;
				SWIFT_OPTIMIZATION_LEVEL = "-O";
				VALIDATE_PRODUCT = YES;
			};
			name = Release;
		};
		ADF183DA24B96A3300650918 /* Debug */ = {
			isa = XCBuildConfiguration;
			buildSettings = {
				ASSETCATALOG_COMPILER_APPICON_NAME = AppIcon;
				CODE_SIGN_STYLE = Automatic;
				DEVELOPMENT_ASSET_PATHS = "\"Libra/Preview Content\"";
				DEVELOPMENT_TEAM = F8WSNZSPK7;
				ENABLE_PREVIEWS = YES;
				FRAMEWORK_SEARCH_PATHS = "$(inherited)";
				INFOPLIST_FILE = Libra/Info.plist;
				IPHONEOS_DEPLOYMENT_TARGET = 14.0;
				LD_RUNPATH_SEARCH_PATHS = (
					"$(inherited)",
					"@executable_path/Frameworks",
				);
				PRODUCT_BUNDLE_IDENTIFIER = Portal.LibraProject;
				PRODUCT_NAME = "$(TARGET_NAME)";
				SWIFT_VERSION = 5.0;
				TARGETED_DEVICE_FAMILY = "1,2";
			};
			name = Debug;
		};
		ADF183DB24B96A3300650918 /* Release */ = {
			isa = XCBuildConfiguration;
			buildSettings = {
				ASSETCATALOG_COMPILER_APPICON_NAME = AppIcon;
				CODE_SIGN_STYLE = Automatic;
				DEVELOPMENT_ASSET_PATHS = "\"Libra/Preview Content\"";
				DEVELOPMENT_TEAM = F8WSNZSPK7;
				ENABLE_PREVIEWS = YES;
				FRAMEWORK_SEARCH_PATHS = "$(inherited)";
				INFOPLIST_FILE = Libra/Info.plist;
				IPHONEOS_DEPLOYMENT_TARGET = 14.0;
				LD_RUNPATH_SEARCH_PATHS = (
					"$(inherited)",
					"@executable_path/Frameworks",
				);
				PRODUCT_BUNDLE_IDENTIFIER = Portal.LibraProject;
				PRODUCT_NAME = "$(TARGET_NAME)";
				SWIFT_VERSION = 5.0;
				TARGETED_DEVICE_FAMILY = "1,2";
			};
			name = Release;
		};
		ADF183DD24B96A3300650918 /* Debug */ = {
			isa = XCBuildConfiguration;
			buildSettings = {
				ALWAYS_EMBED_SWIFT_STANDARD_LIBRARIES = YES;
				BUNDLE_LOADER = "$(TEST_HOST)";
				CODE_SIGN_STYLE = Automatic;
				INFOPLIST_FILE = LibraTests/Info.plist;
				IPHONEOS_DEPLOYMENT_TARGET = 13.2;
				LD_RUNPATH_SEARCH_PATHS = (
					"$(inherited)",
					"@executable_path/Frameworks",
					"@loader_path/Frameworks",
				);
				PRODUCT_BUNDLE_IDENTIFIER = Portal.LibraTests;
				PRODUCT_NAME = "$(TARGET_NAME)";
				SWIFT_VERSION = 5.0;
				TARGETED_DEVICE_FAMILY = "1,2";
				TEST_HOST = "$(BUILT_PRODUCTS_DIR)/Libra.app/Libra";
			};
			name = Debug;
		};
		ADF183DE24B96A3300650918 /* Release */ = {
			isa = XCBuildConfiguration;
			buildSettings = {
				ALWAYS_EMBED_SWIFT_STANDARD_LIBRARIES = YES;
				BUNDLE_LOADER = "$(TEST_HOST)";
				CODE_SIGN_STYLE = Automatic;
				INFOPLIST_FILE = LibraTests/Info.plist;
				IPHONEOS_DEPLOYMENT_TARGET = 13.2;
				LD_RUNPATH_SEARCH_PATHS = (
					"$(inherited)",
					"@executable_path/Frameworks",
					"@loader_path/Frameworks",
				);
				PRODUCT_BUNDLE_IDENTIFIER = Portal.LibraTests;
				PRODUCT_NAME = "$(TARGET_NAME)";
				SWIFT_VERSION = 5.0;
				TARGETED_DEVICE_FAMILY = "1,2";
				TEST_HOST = "$(BUILT_PRODUCTS_DIR)/Libra.app/Libra";
			};
			name = Release;
		};
		ADF183E024B96A3300650918 /* Debug */ = {
			isa = XCBuildConfiguration;
			buildSettings = {
				ALWAYS_EMBED_SWIFT_STANDARD_LIBRARIES = YES;
				CODE_SIGN_STYLE = Automatic;
				INFOPLIST_FILE = LibraUITests/Info.plist;
				LD_RUNPATH_SEARCH_PATHS = (
					"$(inherited)",
					"@executable_path/Frameworks",
					"@loader_path/Frameworks",
				);
				PRODUCT_BUNDLE_IDENTIFIER = Portal.LibraUITests;
				PRODUCT_NAME = "$(TARGET_NAME)";
				SWIFT_VERSION = 5.0;
				TARGETED_DEVICE_FAMILY = "1,2";
				TEST_TARGET_NAME = Libra;
			};
			name = Debug;
		};
		ADF183E124B96A3300650918 /* Release */ = {
			isa = XCBuildConfiguration;
			buildSettings = {
				ALWAYS_EMBED_SWIFT_STANDARD_LIBRARIES = YES;
				CODE_SIGN_STYLE = Automatic;
				INFOPLIST_FILE = LibraUITests/Info.plist;
				LD_RUNPATH_SEARCH_PATHS = (
					"$(inherited)",
					"@executable_path/Frameworks",
					"@loader_path/Frameworks",
				);
				PRODUCT_BUNDLE_IDENTIFIER = Portal.LibraUITests;
				PRODUCT_NAME = "$(TARGET_NAME)";
				SWIFT_VERSION = 5.0;
				TARGETED_DEVICE_FAMILY = "1,2";
				TEST_TARGET_NAME = Libra;
			};
			name = Release;
		};
/* End XCBuildConfiguration section */

/* Begin XCConfigurationList section */
		ADF183A724B96A2F00650918 /* Build configuration list for PBXProject "Libra" */ = {
			isa = XCConfigurationList;
			buildConfigurations = (
				ADF183D724B96A3300650918 /* Debug */,
				ADF183D824B96A3300650918 /* Release */,
			);
			defaultConfigurationIsVisible = 0;
			defaultConfigurationName = Debug;
		};
		ADF183D924B96A3300650918 /* Build configuration list for PBXNativeTarget "Libra" */ = {
			isa = XCConfigurationList;
			buildConfigurations = (
				ADF183DA24B96A3300650918 /* Debug */,
				ADF183DB24B96A3300650918 /* Release */,
			);
			defaultConfigurationIsVisible = 0;
			defaultConfigurationName = Debug;
		};
		ADF183DC24B96A3300650918 /* Build configuration list for PBXNativeTarget "LibraTests" */ = {
			isa = XCConfigurationList;
			buildConfigurations = (
				ADF183DD24B96A3300650918 /* Debug */,
				ADF183DE24B96A3300650918 /* Release */,
			);
			defaultConfigurationIsVisible = 0;
			defaultConfigurationName = Debug;
		};
		ADF183DF24B96A3300650918 /* Build configuration list for PBXNativeTarget "LibraUITests" */ = {
			isa = XCConfigurationList;
			buildConfigurations = (
				ADF183E024B96A3300650918 /* Debug */,
				ADF183E124B96A3300650918 /* Release */,
			);
			defaultConfigurationIsVisible = 0;
			defaultConfigurationName = Debug;
		};
/* End XCConfigurationList section */

/* Begin XCVersionGroup section */
		ADF183B324B96A2F00650918 /* Libra.xcdatamodeld */ = {
			isa = XCVersionGroup;
			children = (
				ADF183B424B96A2F00650918 /* Libra.xcdatamodel */,
			);
			currentVersion = ADF183B424B96A2F00650918 /* Libra.xcdatamodel */;
			path = Libra.xcdatamodeld;
			sourceTree = "<group>";
			versionGroupType = wrapper.xcdatamodel;
		};
/* End XCVersionGroup section */
	};
	rootObject = ADF183A424B96A2F00650918 /* Project object */;
}
